
Microsoft Visual Studio Solution File, Format Version 12.00
# Visual Studio 15
VisualStudioVersion = 15.0.26403.7
MinimumVisualStudioVersion = 10.0.40219.1
Project("{2150E333-8FDC-42A3-9474-1A3956D46DE8}") = "Src", "Src", "{4104FDB1-C2E2-4AF7-AEED-2B8904EC007F}"
EndProject
Project("{FAE04EC0-301F-11D3-BF4B-00C04F79EFBC}") = "e-InvoicePdf.Core", "e-InvoicePdf\e-InvoicePdf.Core\e-InvoicePdf.Core.csproj", "{74043E51-EF7B-4CE1-AF3F-7612ED1D05B6}"
EndProject
Project("{FAE04EC0-301F-11D3-BF4B-00C04F79EFBC}") = "e-InvoicePdf.Droid", "e-InvoicePdf\e-InvoicePdf.Droid\e-InvoicePdf.Droid.csproj", "{48D8DCC6-6342-4A62-AB87-B26CBFB3FEB1}"
EndProject
Project("{FAE04EC0-301F-11D3-BF4B-00C04F79EFBC}") = "e-InvoicePdf.iOS", "e-InvoicePdf\e-InvoicePdf.iOS\e-InvoicePdf.iOS.csproj", "{88A375C3-8567-47B7-A040-CF48B7049986}"
EndProject
Project("{2150E333-8FDC-42A3-9474-1A3956D46DE8}") = "Tests", "Tests", "{D6084CE7-E92F-42D2-A5CA-CEFD2AD7DA81}"
EndProject
Project("{FAE04EC0-301F-11D3-BF4B-00C04F79EFBC}") = "e-InvoicePdf.UITests", "e-InvoicePdf\e-InvoicePdf.UITests\e-InvoicePdf.UITests.csproj", "{EB466A08-7DEE-401D-96A0-BC1E35308500}"
EndProject
Project("{FAE04EC0-301F-11D3-BF4B-00C04F79EFBC}") = "e-InvoicePdf.UnitTests", "e-InvoicePdf\e-InvoicePdf.UnitTests\e-InvoicePdf.UnitTests.csproj", "{63A3EE7F-E989-4F5B-AF2F-BF2D79E46D37}"
EndProject
Project("{FAE04EC0-301F-11D3-BF4B-00C04F79EFBC}") = "eInvoicePdf.Console", "eInvoicePdf.Console\eInvoicePdf.Console.csproj", "{B721B463-6A25-4CE1-8B11-17A68F9D11CF}"
EndProject
Project("{FAE04EC0-301F-11D3-BF4B-00C04F79EFBC}") = "e-Invoice.Mvc", "e-Invoice.Mvc\e-Invoice.Mvc.csproj", "{2F3B7141-8732-48AF-9290-620178EA3A47}"
EndProject
Global
	GlobalSection(SolutionConfigurationPlatforms) = preSolution
		Ad-Hoc|Any CPU = Ad-Hoc|Any CPU
		Ad-Hoc|ARM = Ad-Hoc|ARM
		Ad-Hoc|iPhone = Ad-Hoc|iPhone
		Ad-Hoc|iPhoneSimulator = Ad-Hoc|iPhoneSimulator
		Ad-Hoc|x64 = Ad-Hoc|x64
		Ad-Hoc|x86 = Ad-Hoc|x86
		AppStore|Any CPU = AppStore|Any CPU
		AppStore|ARM = AppStore|ARM
		AppStore|iPhone = AppStore|iPhone
		AppStore|iPhoneSimulator = AppStore|iPhoneSimulator
		AppStore|x64 = AppStore|x64
		AppStore|x86 = AppStore|x86
		Debug|Any CPU = Debug|Any CPU
		Debug|ARM = Debug|ARM
		Debug|iPhone = Debug|iPhone
		Debug|iPhoneSimulator = Debug|iPhoneSimulator
		Debug|x64 = Debug|x64
		Debug|x86 = Debug|x86
		Release|Any CPU = Release|Any CPU
		Release|ARM = Release|ARM
		Release|iPhone = Release|iPhone
		Release|iPhoneSimulator = Release|iPhoneSimulator
		Release|x64 = Release|x64
		Release|x86 = Release|x86
	EndGlobalSection
	GlobalSection(ProjectConfigurationPlatforms) = postSolution
		{74043E51-EF7B-4CE1-AF3F-7612ED1D05B6}.Ad-Hoc|Any CPU.ActiveCfg = Release|Any CPU
		{74043E51-EF7B-4CE1-AF3F-7612ED1D05B6}.Ad-Hoc|Any CPU.Build.0 = Release|Any CPU
		{74043E51-EF7B-4CE1-AF3F-7612ED1D05B6}.Ad-Hoc|ARM.ActiveCfg = Release|Any CPU
		{74043E51-EF7B-4CE1-AF3F-7612ED1D05B6}.Ad-Hoc|ARM.Build.0 = Release|Any CPU
		{74043E51-EF7B-4CE1-AF3F-7612ED1D05B6}.Ad-Hoc|iPhone.ActiveCfg = Release|Any CPU
		{74043E51-EF7B-4CE1-AF3F-7612ED1D05B6}.Ad-Hoc|iPhone.Build.0 = Release|Any CPU
		{74043E51-EF7B-4CE1-AF3F-7612ED1D05B6}.Ad-Hoc|iPhoneSimulator.ActiveCfg = Release|Any CPU
		{74043E51-EF7B-4CE1-AF3F-7612ED1D05B6}.Ad-Hoc|iPhoneSimulator.Build.0 = Release|Any CPU
		{74043E51-EF7B-4CE1-AF3F-7612ED1D05B6}.Ad-Hoc|x64.ActiveCfg = Release|Any CPU
		{74043E51-EF7B-4CE1-AF3F-7612ED1D05B6}.Ad-Hoc|x64.Build.0 = Release|Any CPU
		{74043E51-EF7B-4CE1-AF3F-7612ED1D05B6}.Ad-Hoc|x86.ActiveCfg = Release|Any CPU
		{74043E51-EF7B-4CE1-AF3F-7612ED1D05B6}.Ad-Hoc|x86.Build.0 = Release|Any CPU
		{74043E51-EF7B-4CE1-AF3F-7612ED1D05B6}.AppStore|Any CPU.ActiveCfg = Release|Any CPU
		{74043E51-EF7B-4CE1-AF3F-7612ED1D05B6}.AppStore|Any CPU.Build.0 = Release|Any CPU
		{74043E51-EF7B-4CE1-AF3F-7612ED1D05B6}.AppStore|ARM.ActiveCfg = Release|Any CPU
		{74043E51-EF7B-4CE1-AF3F-7612ED1D05B6}.AppStore|ARM.Build.0 = Release|Any CPU
		{74043E51-EF7B-4CE1-AF3F-7612ED1D05B6}.AppStore|iPhone.ActiveCfg = Release|Any CPU
		{74043E51-EF7B-4CE1-AF3F-7612ED1D05B6}.AppStore|iPhone.Build.0 = Release|Any CPU
		{74043E51-EF7B-4CE1-AF3F-7612ED1D05B6}.AppStore|iPhoneSimulator.ActiveCfg = Release|Any CPU
		{74043E51-EF7B-4CE1-AF3F-7612ED1D05B6}.AppStore|iPhoneSimulator.Build.0 = Release|Any CPU
		{74043E51-EF7B-4CE1-AF3F-7612ED1D05B6}.AppStore|x64.ActiveCfg = Release|Any CPU
		{74043E51-EF7B-4CE1-AF3F-7612ED1D05B6}.AppStore|x64.Build.0 = Release|Any CPU
		{74043E51-EF7B-4CE1-AF3F-7612ED1D05B6}.AppStore|x86.ActiveCfg = Release|Any CPU
		{74043E51-EF7B-4CE1-AF3F-7612ED1D05B6}.AppStore|x86.Build.0 = Release|Any CPU
		{74043E51-EF7B-4CE1-AF3F-7612ED1D05B6}.Debug|Any CPU.ActiveCfg = Debug|Any CPU
		{74043E51-EF7B-4CE1-AF3F-7612ED1D05B6}.Debug|Any CPU.Build.0 = Debug|Any CPU
		{74043E51-EF7B-4CE1-AF3F-7612ED1D05B6}.Debug|ARM.ActiveCfg = Debug|Any CPU
		{74043E51-EF7B-4CE1-AF3F-7612ED1D05B6}.Debug|ARM.Build.0 = Debug|Any CPU
		{74043E51-EF7B-4CE1-AF3F-7612ED1D05B6}.Debug|iPhone.ActiveCfg = Debug|Any CPU
		{74043E51-EF7B-4CE1-AF3F-7612ED1D05B6}.Debug|iPhone.Build.0 = Debug|Any CPU
		{74043E51-EF7B-4CE1-AF3F-7612ED1D05B6}.Debug|iPhoneSimulator.ActiveCfg = Debug|Any CPU
		{74043E51-EF7B-4CE1-AF3F-7612ED1D05B6}.Debug|iPhoneSimulator.Build.0 = Debug|Any CPU
		{74043E51-EF7B-4CE1-AF3F-7612ED1D05B6}.Debug|x64.ActiveCfg = Debug|Any CPU
		{74043E51-EF7B-4CE1-AF3F-7612ED1D05B6}.Debug|x64.Build.0 = Debug|Any CPU
		{74043E51-EF7B-4CE1-AF3F-7612ED1D05B6}.Debug|x86.ActiveCfg = Debug|Any CPU
		{74043E51-EF7B-4CE1-AF3F-7612ED1D05B6}.Debug|x86.Build.0 = Debug|Any CPU
		{74043E51-EF7B-4CE1-AF3F-7612ED1D05B6}.Release|Any CPU.ActiveCfg = Release|Any CPU
		{74043E51-EF7B-4CE1-AF3F-7612ED1D05B6}.Release|Any CPU.Build.0 = Release|Any CPU
		{74043E51-EF7B-4CE1-AF3F-7612ED1D05B6}.Release|ARM.ActiveCfg = Release|Any CPU
		{74043E51-EF7B-4CE1-AF3F-7612ED1D05B6}.Release|ARM.Build.0 = Release|Any CPU
		{74043E51-EF7B-4CE1-AF3F-7612ED1D05B6}.Release|iPhone.ActiveCfg = Release|Any CPU
		{74043E51-EF7B-4CE1-AF3F-7612ED1D05B6}.Release|iPhone.Build.0 = Release|Any CPU
		{74043E51-EF7B-4CE1-AF3F-7612ED1D05B6}.Release|iPhoneSimulator.ActiveCfg = Release|Any CPU
		{74043E51-EF7B-4CE1-AF3F-7612ED1D05B6}.Release|iPhoneSimulator.Build.0 = Release|Any CPU
		{74043E51-EF7B-4CE1-AF3F-7612ED1D05B6}.Release|x64.ActiveCfg = Release|Any CPU
		{74043E51-EF7B-4CE1-AF3F-7612ED1D05B6}.Release|x64.Build.0 = Release|Any CPU
		{74043E51-EF7B-4CE1-AF3F-7612ED1D05B6}.Release|x86.ActiveCfg = Release|Any CPU
		{74043E51-EF7B-4CE1-AF3F-7612ED1D05B6}.Release|x86.Build.0 = Release|Any CPU
		{48D8DCC6-6342-4A62-AB87-B26CBFB3FEB1}.Ad-Hoc|Any CPU.ActiveCfg = Release|Any CPU
		{48D8DCC6-6342-4A62-AB87-B26CBFB3FEB1}.Ad-Hoc|Any CPU.Build.0 = Release|Any CPU
		{48D8DCC6-6342-4A62-AB87-B26CBFB3FEB1}.Ad-Hoc|Any CPU.Deploy.0 = Release|Any CPU
		{48D8DCC6-6342-4A62-AB87-B26CBFB3FEB1}.Ad-Hoc|ARM.ActiveCfg = Release|Any CPU
		{48D8DCC6-6342-4A62-AB87-B26CBFB3FEB1}.Ad-Hoc|ARM.Build.0 = Release|Any CPU
		{48D8DCC6-6342-4A62-AB87-B26CBFB3FEB1}.Ad-Hoc|ARM.Deploy.0 = Release|Any CPU
		{48D8DCC6-6342-4A62-AB87-B26CBFB3FEB1}.Ad-Hoc|iPhone.ActiveCfg = Release|Any CPU
		{48D8DCC6-6342-4A62-AB87-B26CBFB3FEB1}.Ad-Hoc|iPhone.Build.0 = Release|Any CPU
		{48D8DCC6-6342-4A62-AB87-B26CBFB3FEB1}.Ad-Hoc|iPhone.Deploy.0 = Release|Any CPU
		{48D8DCC6-6342-4A62-AB87-B26CBFB3FEB1}.Ad-Hoc|iPhoneSimulator.ActiveCfg = Release|Any CPU
		{48D8DCC6-6342-4A62-AB87-B26CBFB3FEB1}.Ad-Hoc|iPhoneSimulator.Build.0 = Release|Any CPU
		{48D8DCC6-6342-4A62-AB87-B26CBFB3FEB1}.Ad-Hoc|iPhoneSimulator.Deploy.0 = Release|Any CPU
		{48D8DCC6-6342-4A62-AB87-B26CBFB3FEB1}.Ad-Hoc|x64.ActiveCfg = Release|Any CPU
		{48D8DCC6-6342-4A62-AB87-B26CBFB3FEB1}.Ad-Hoc|x64.Build.0 = Release|Any CPU
		{48D8DCC6-6342-4A62-AB87-B26CBFB3FEB1}.Ad-Hoc|x64.Deploy.0 = Release|Any CPU
		{48D8DCC6-6342-4A62-AB87-B26CBFB3FEB1}.Ad-Hoc|x86.ActiveCfg = Release|Any CPU
		{48D8DCC6-6342-4A62-AB87-B26CBFB3FEB1}.Ad-Hoc|x86.Build.0 = Release|Any CPU
		{48D8DCC6-6342-4A62-AB87-B26CBFB3FEB1}.Ad-Hoc|x86.Deploy.0 = Release|Any CPU
		{48D8DCC6-6342-4A62-AB87-B26CBFB3FEB1}.AppStore|Any CPU.ActiveCfg = Release|Any CPU
		{48D8DCC6-6342-4A62-AB87-B26CBFB3FEB1}.AppStore|Any CPU.Build.0 = Release|Any CPU
		{48D8DCC6-6342-4A62-AB87-B26CBFB3FEB1}.AppStore|Any CPU.Deploy.0 = Release|Any CPU
		{48D8DCC6-6342-4A62-AB87-B26CBFB3FEB1}.AppStore|ARM.ActiveCfg = Release|Any CPU
		{48D8DCC6-6342-4A62-AB87-B26CBFB3FEB1}.AppStore|ARM.Build.0 = Release|Any CPU
		{48D8DCC6-6342-4A62-AB87-B26CBFB3FEB1}.AppStore|ARM.Deploy.0 = Release|Any CPU
		{48D8DCC6-6342-4A62-AB87-B26CBFB3FEB1}.AppStore|iPhone.ActiveCfg = Release|Any CPU
		{48D8DCC6-6342-4A62-AB87-B26CBFB3FEB1}.AppStore|iPhone.Build.0 = Release|Any CPU
		{48D8DCC6-6342-4A62-AB87-B26CBFB3FEB1}.AppStore|iPhone.Deploy.0 = Release|Any CPU
		{48D8DCC6-6342-4A62-AB87-B26CBFB3FEB1}.AppStore|iPhoneSimulator.ActiveCfg = Release|Any CPU
		{48D8DCC6-6342-4A62-AB87-B26CBFB3FEB1}.AppStore|iPhoneSimulator.Build.0 = Release|Any CPU
		{48D8DCC6-6342-4A62-AB87-B26CBFB3FEB1}.AppStore|iPhoneSimulator.Deploy.0 = Release|Any CPU
		{48D8DCC6-6342-4A62-AB87-B26CBFB3FEB1}.AppStore|x64.ActiveCfg = Release|Any CPU
		{48D8DCC6-6342-4A62-AB87-B26CBFB3FEB1}.AppStore|x64.Build.0 = Release|Any CPU
		{48D8DCC6-6342-4A62-AB87-B26CBFB3FEB1}.AppStore|x64.Deploy.0 = Release|Any CPU
		{48D8DCC6-6342-4A62-AB87-B26CBFB3FEB1}.AppStore|x86.ActiveCfg = Release|Any CPU
		{48D8DCC6-6342-4A62-AB87-B26CBFB3FEB1}.AppStore|x86.Build.0 = Release|Any CPU
		{48D8DCC6-6342-4A62-AB87-B26CBFB3FEB1}.AppStore|x86.Deploy.0 = Release|Any CPU
		{48D8DCC6-6342-4A62-AB87-B26CBFB3FEB1}.Debug|Any CPU.ActiveCfg = Debug|Any CPU
		{48D8DCC6-6342-4A62-AB87-B26CBFB3FEB1}.Debug|Any CPU.Build.0 = Debug|Any CPU
		{48D8DCC6-6342-4A62-AB87-B26CBFB3FEB1}.Debug|Any CPU.Deploy.0 = Debug|Any CPU
		{48D8DCC6-6342-4A62-AB87-B26CBFB3FEB1}.Debug|ARM.ActiveCfg = Debug|Any CPU
		{48D8DCC6-6342-4A62-AB87-B26CBFB3FEB1}.Debug|ARM.Build.0 = Debug|Any CPU
		{48D8DCC6-6342-4A62-AB87-B26CBFB3FEB1}.Debug|ARM.Deploy.0 = Debug|Any CPU
		{48D8DCC6-6342-4A62-AB87-B26CBFB3FEB1}.Debug|iPhone.ActiveCfg = Debug|Any CPU
		{48D8DCC6-6342-4A62-AB87-B26CBFB3FEB1}.Debug|iPhone.Build.0 = Debug|Any CPU
		{48D8DCC6-6342-4A62-AB87-B26CBFB3FEB1}.Debug|iPhone.Deploy.0 = Debug|Any CPU
		{48D8DCC6-6342-4A62-AB87-B26CBFB3FEB1}.Debug|iPhoneSimulator.ActiveCfg = Debug|Any CPU
		{48D8DCC6-6342-4A62-AB87-B26CBFB3FEB1}.Debug|iPhoneSimulator.Build.0 = Debug|Any CPU
		{48D8DCC6-6342-4A62-AB87-B26CBFB3FEB1}.Debug|iPhoneSimulator.Deploy.0 = Debug|Any CPU
		{48D8DCC6-6342-4A62-AB87-B26CBFB3FEB1}.Debug|x64.ActiveCfg = Debug|Any CPU
		{48D8DCC6-6342-4A62-AB87-B26CBFB3FEB1}.Debug|x64.Build.0 = Debug|Any CPU
		{48D8DCC6-6342-4A62-AB87-B26CBFB3FEB1}.Debug|x64.Deploy.0 = Debug|Any CPU
		{48D8DCC6-6342-4A62-AB87-B26CBFB3FEB1}.Debug|x86.ActiveCfg = Debug|Any CPU
		{48D8DCC6-6342-4A62-AB87-B26CBFB3FEB1}.Debug|x86.Build.0 = Debug|Any CPU
		{48D8DCC6-6342-4A62-AB87-B26CBFB3FEB1}.Debug|x86.Deploy.0 = Debug|Any CPU
		{48D8DCC6-6342-4A62-AB87-B26CBFB3FEB1}.Release|Any CPU.ActiveCfg = Release|Any CPU
		{48D8DCC6-6342-4A62-AB87-B26CBFB3FEB1}.Release|Any CPU.Build.0 = Release|Any CPU
		{48D8DCC6-6342-4A62-AB87-B26CBFB3FEB1}.Release|Any CPU.Deploy.0 = Release|Any CPU
		{48D8DCC6-6342-4A62-AB87-B26CBFB3FEB1}.Release|ARM.ActiveCfg = Release|Any CPU
		{48D8DCC6-6342-4A62-AB87-B26CBFB3FEB1}.Release|ARM.Build.0 = Release|Any CPU
		{48D8DCC6-6342-4A62-AB87-B26CBFB3FEB1}.Release|ARM.Deploy.0 = Release|Any CPU
		{48D8DCC6-6342-4A62-AB87-B26CBFB3FEB1}.Release|iPhone.ActiveCfg = Release|Any CPU
		{48D8DCC6-6342-4A62-AB87-B26CBFB3FEB1}.Release|iPhone.Build.0 = Release|Any CPU
		{48D8DCC6-6342-4A62-AB87-B26CBFB3FEB1}.Release|iPhone.Deploy.0 = Release|Any CPU
		{48D8DCC6-6342-4A62-AB87-B26CBFB3FEB1}.Release|iPhoneSimulator.ActiveCfg = Release|Any CPU
		{48D8DCC6-6342-4A62-AB87-B26CBFB3FEB1}.Release|iPhoneSimulator.Build.0 = Release|Any CPU
		{48D8DCC6-6342-4A62-AB87-B26CBFB3FEB1}.Release|iPhoneSimulator.Deploy.0 = Release|Any CPU
		{48D8DCC6-6342-4A62-AB87-B26CBFB3FEB1}.Release|x64.ActiveCfg = Release|Any CPU
		{48D8DCC6-6342-4A62-AB87-B26CBFB3FEB1}.Release|x64.Build.0 = Release|Any CPU
		{48D8DCC6-6342-4A62-AB87-B26CBFB3FEB1}.Release|x64.Deploy.0 = Release|Any CPU
		{48D8DCC6-6342-4A62-AB87-B26CBFB3FEB1}.Release|x86.ActiveCfg = Release|Any CPU
		{48D8DCC6-6342-4A62-AB87-B26CBFB3FEB1}.Release|x86.Build.0 = Release|Any CPU
		{48D8DCC6-6342-4A62-AB87-B26CBFB3FEB1}.Release|x86.Deploy.0 = Release|Any CPU
		{88A375C3-8567-47B7-A040-CF48B7049986}.Ad-Hoc|Any CPU.ActiveCfg = Ad-Hoc|iPhone
		{88A375C3-8567-47B7-A040-CF48B7049986}.Ad-Hoc|ARM.ActiveCfg = Ad-Hoc|iPhone
		{88A375C3-8567-47B7-A040-CF48B7049986}.Ad-Hoc|iPhone.ActiveCfg = Ad-Hoc|iPhone
		{88A375C3-8567-47B7-A040-CF48B7049986}.Ad-Hoc|iPhone.Build.0 = Ad-Hoc|iPhone
		{88A375C3-8567-47B7-A040-CF48B7049986}.Ad-Hoc|iPhoneSimulator.ActiveCfg = Ad-Hoc|iPhoneSimulator
		{88A375C3-8567-47B7-A040-CF48B7049986}.Ad-Hoc|iPhoneSimulator.Build.0 = Ad-Hoc|iPhoneSimulator
		{88A375C3-8567-47B7-A040-CF48B7049986}.Ad-Hoc|x64.ActiveCfg = Ad-Hoc|iPhone
		{88A375C3-8567-47B7-A040-CF48B7049986}.Ad-Hoc|x86.ActiveCfg = Ad-Hoc|iPhone
		{88A375C3-8567-47B7-A040-CF48B7049986}.AppStore|Any CPU.ActiveCfg = AppStore|iPhone
		{88A375C3-8567-47B7-A040-CF48B7049986}.AppStore|ARM.ActiveCfg = AppStore|iPhone
		{88A375C3-8567-47B7-A040-CF48B7049986}.AppStore|iPhone.ActiveCfg = AppStore|iPhone
		{88A375C3-8567-47B7-A040-CF48B7049986}.AppStore|iPhone.Build.0 = AppStore|iPhone
		{88A375C3-8567-47B7-A040-CF48B7049986}.AppStore|iPhoneSimulator.ActiveCfg = AppStore|iPhoneSimulator
		{88A375C3-8567-47B7-A040-CF48B7049986}.AppStore|iPhoneSimulator.Build.0 = AppStore|iPhoneSimulator
		{88A375C3-8567-47B7-A040-CF48B7049986}.AppStore|x64.ActiveCfg = AppStore|iPhone
		{88A375C3-8567-47B7-A040-CF48B7049986}.AppStore|x86.ActiveCfg = AppStore|iPhone
		{88A375C3-8567-47B7-A040-CF48B7049986}.Debug|Any CPU.ActiveCfg = Debug|iPhone
		{88A375C3-8567-47B7-A040-CF48B7049986}.Debug|ARM.ActiveCfg = Debug|iPhone
		{88A375C3-8567-47B7-A040-CF48B7049986}.Debug|iPhone.ActiveCfg = Debug|iPhone
		{88A375C3-8567-47B7-A040-CF48B7049986}.Debug|iPhone.Build.0 = Debug|iPhone
		{88A375C3-8567-47B7-A040-CF48B7049986}.Debug|iPhoneSimulator.ActiveCfg = Debug|iPhoneSimulator
		{88A375C3-8567-47B7-A040-CF48B7049986}.Debug|iPhoneSimulator.Build.0 = Debug|iPhoneSimulator
		{88A375C3-8567-47B7-A040-CF48B7049986}.Debug|x64.ActiveCfg = Debug|iPhone
		{88A375C3-8567-47B7-A040-CF48B7049986}.Debug|x86.ActiveCfg = Debug|iPhone
		{88A375C3-8567-47B7-A040-CF48B7049986}.Release|Any CPU.ActiveCfg = Release|iPhone
		{88A375C3-8567-47B7-A040-CF48B7049986}.Release|ARM.ActiveCfg = Release|iPhone
		{88A375C3-8567-47B7-A040-CF48B7049986}.Release|iPhone.ActiveCfg = Release|iPhone
		{88A375C3-8567-47B7-A040-CF48B7049986}.Release|iPhone.Build.0 = Release|iPhone
		{88A375C3-8567-47B7-A040-CF48B7049986}.Release|iPhoneSimulator.ActiveCfg = Release|iPhoneSimulator
		{88A375C3-8567-47B7-A040-CF48B7049986}.Release|iPhoneSimulator.Build.0 = Release|iPhoneSimulator
		{88A375C3-8567-47B7-A040-CF48B7049986}.Release|x64.ActiveCfg = Release|iPhone
		{88A375C3-8567-47B7-A040-CF48B7049986}.Release|x86.ActiveCfg = Release|iPhone
		{EB466A08-7DEE-401D-96A0-BC1E35308500}.Ad-Hoc|Any CPU.ActiveCfg = Release|Any CPU
		{EB466A08-7DEE-401D-96A0-BC1E35308500}.Ad-Hoc|Any CPU.Build.0 = Release|Any CPU
		{EB466A08-7DEE-401D-96A0-BC1E35308500}.Ad-Hoc|ARM.ActiveCfg = Release|Any CPU
		{EB466A08-7DEE-401D-96A0-BC1E35308500}.Ad-Hoc|ARM.Build.0 = Release|Any CPU
		{EB466A08-7DEE-401D-96A0-BC1E35308500}.Ad-Hoc|iPhone.ActiveCfg = Release|Any CPU
		{EB466A08-7DEE-401D-96A0-BC1E35308500}.Ad-Hoc|iPhone.Build.0 = Release|Any CPU
		{EB466A08-7DEE-401D-96A0-BC1E35308500}.Ad-Hoc|iPhoneSimulator.ActiveCfg = Release|Any CPU
		{EB466A08-7DEE-401D-96A0-BC1E35308500}.Ad-Hoc|iPhoneSimulator.Build.0 = Release|Any CPU
		{EB466A08-7DEE-401D-96A0-BC1E35308500}.Ad-Hoc|x64.ActiveCfg = Release|Any CPU
		{EB466A08-7DEE-401D-96A0-BC1E35308500}.Ad-Hoc|x64.Build.0 = Release|Any CPU
		{EB466A08-7DEE-401D-96A0-BC1E35308500}.Ad-Hoc|x86.ActiveCfg = Release|Any CPU
		{EB466A08-7DEE-401D-96A0-BC1E35308500}.Ad-Hoc|x86.Build.0 = Release|Any CPU
		{EB466A08-7DEE-401D-96A0-BC1E35308500}.AppStore|Any CPU.ActiveCfg = Release|Any CPU
		{EB466A08-7DEE-401D-96A0-BC1E35308500}.AppStore|Any CPU.Build.0 = Release|Any CPU
		{EB466A08-7DEE-401D-96A0-BC1E35308500}.AppStore|ARM.ActiveCfg = Release|Any CPU
		{EB466A08-7DEE-401D-96A0-BC1E35308500}.AppStore|ARM.Build.0 = Release|Any CPU
		{EB466A08-7DEE-401D-96A0-BC1E35308500}.AppStore|iPhone.ActiveCfg = Release|Any CPU
		{EB466A08-7DEE-401D-96A0-BC1E35308500}.AppStore|iPhone.Build.0 = Release|Any CPU
		{EB466A08-7DEE-401D-96A0-BC1E35308500}.AppStore|iPhoneSimulator.ActiveCfg = Release|Any CPU
		{EB466A08-7DEE-401D-96A0-BC1E35308500}.AppStore|iPhoneSimulator.Build.0 = Release|Any CPU
		{EB466A08-7DEE-401D-96A0-BC1E35308500}.AppStore|x64.ActiveCfg = Release|Any CPU
		{EB466A08-7DEE-401D-96A0-BC1E35308500}.AppStore|x64.Build.0 = Release|Any CPU
		{EB466A08-7DEE-401D-96A0-BC1E35308500}.AppStore|x86.ActiveCfg = Release|Any CPU
		{EB466A08-7DEE-401D-96A0-BC1E35308500}.AppStore|x86.Build.0 = Release|Any CPU
		{EB466A08-7DEE-401D-96A0-BC1E35308500}.Debug|Any CPU.ActiveCfg = Debug|Any CPU
		{EB466A08-7DEE-401D-96A0-BC1E35308500}.Debug|Any CPU.Build.0 = Debug|Any CPU
		{EB466A08-7DEE-401D-96A0-BC1E35308500}.Debug|ARM.ActiveCfg = Debug|Any CPU
		{EB466A08-7DEE-401D-96A0-BC1E35308500}.Debug|ARM.Build.0 = Debug|Any CPU
		{EB466A08-7DEE-401D-96A0-BC1E35308500}.Debug|iPhone.ActiveCfg = Debug|Any CPU
		{EB466A08-7DEE-401D-96A0-BC1E35308500}.Debug|iPhone.Build.0 = Debug|Any CPU
		{EB466A08-7DEE-401D-96A0-BC1E35308500}.Debug|iPhoneSimulator.ActiveCfg = Debug|Any CPU
		{EB466A08-7DEE-401D-96A0-BC1E35308500}.Debug|iPhoneSimulator.Build.0 = Debug|Any CPU
		{EB466A08-7DEE-401D-96A0-BC1E35308500}.Debug|x64.ActiveCfg = Debug|Any CPU
		{EB466A08-7DEE-401D-96A0-BC1E35308500}.Debug|x64.Build.0 = Debug|Any CPU
		{EB466A08-7DEE-401D-96A0-BC1E35308500}.Debug|x86.ActiveCfg = Debug|Any CPU
		{EB466A08-7DEE-401D-96A0-BC1E35308500}.Debug|x86.Build.0 = Debug|Any CPU
		{EB466A08-7DEE-401D-96A0-BC1E35308500}.Release|Any CPU.ActiveCfg = Release|Any CPU
		{EB466A08-7DEE-401D-96A0-BC1E35308500}.Release|Any CPU.Build.0 = Release|Any CPU
		{EB466A08-7DEE-401D-96A0-BC1E35308500}.Release|ARM.ActiveCfg = Release|Any CPU
		{EB466A08-7DEE-401D-96A0-BC1E35308500}.Release|ARM.Build.0 = Release|Any CPU
		{EB466A08-7DEE-401D-96A0-BC1E35308500}.Release|iPhone.ActiveCfg = Release|Any CPU
		{EB466A08-7DEE-401D-96A0-BC1E35308500}.Release|iPhone.Build.0 = Release|Any CPU
		{EB466A08-7DEE-401D-96A0-BC1E35308500}.Release|iPhoneSimulator.ActiveCfg = Release|Any CPU
		{EB466A08-7DEE-401D-96A0-BC1E35308500}.Release|iPhoneSimulator.Build.0 = Release|Any CPU
		{EB466A08-7DEE-401D-96A0-BC1E35308500}.Release|x64.ActiveCfg = Release|Any CPU
		{EB466A08-7DEE-401D-96A0-BC1E35308500}.Release|x64.Build.0 = Release|Any CPU
		{EB466A08-7DEE-401D-96A0-BC1E35308500}.Release|x86.ActiveCfg = Release|Any CPU
		{EB466A08-7DEE-401D-96A0-BC1E35308500}.Release|x86.Build.0 = Release|Any CPU
		{63A3EE7F-E989-4F5B-AF2F-BF2D79E46D37}.Ad-Hoc|Any CPU.ActiveCfg = Release|Any CPU
		{63A3EE7F-E989-4F5B-AF2F-BF2D79E46D37}.Ad-Hoc|Any CPU.Build.0 = Release|Any CPU
		{63A3EE7F-E989-4F5B-AF2F-BF2D79E46D37}.Ad-Hoc|ARM.ActiveCfg = Release|Any CPU
		{63A3EE7F-E989-4F5B-AF2F-BF2D79E46D37}.Ad-Hoc|ARM.Build.0 = Release|Any CPU
		{63A3EE7F-E989-4F5B-AF2F-BF2D79E46D37}.Ad-Hoc|iPhone.ActiveCfg = Release|Any CPU
		{63A3EE7F-E989-4F5B-AF2F-BF2D79E46D37}.Ad-Hoc|iPhone.Build.0 = Release|Any CPU
		{63A3EE7F-E989-4F5B-AF2F-BF2D79E46D37}.Ad-Hoc|iPhoneSimulator.ActiveCfg = Release|Any CPU
		{63A3EE7F-E989-4F5B-AF2F-BF2D79E46D37}.Ad-Hoc|iPhoneSimulator.Build.0 = Release|Any CPU
		{63A3EE7F-E989-4F5B-AF2F-BF2D79E46D37}.Ad-Hoc|x64.ActiveCfg = Release|Any CPU
		{63A3EE7F-E989-4F5B-AF2F-BF2D79E46D37}.Ad-Hoc|x64.Build.0 = Release|Any CPU
		{63A3EE7F-E989-4F5B-AF2F-BF2D79E46D37}.Ad-Hoc|x86.ActiveCfg = Release|Any CPU
		{63A3EE7F-E989-4F5B-AF2F-BF2D79E46D37}.Ad-Hoc|x86.Build.0 = Release|Any CPU
		{63A3EE7F-E989-4F5B-AF2F-BF2D79E46D37}.AppStore|Any CPU.ActiveCfg = Release|Any CPU
		{63A3EE7F-E989-4F5B-AF2F-BF2D79E46D37}.AppStore|Any CPU.Build.0 = Release|Any CPU
		{63A3EE7F-E989-4F5B-AF2F-BF2D79E46D37}.AppStore|ARM.ActiveCfg = Release|Any CPU
		{63A3EE7F-E989-4F5B-AF2F-BF2D79E46D37}.AppStore|ARM.Build.0 = Release|Any CPU
		{63A3EE7F-E989-4F5B-AF2F-BF2D79E46D37}.AppStore|iPhone.ActiveCfg = Release|Any CPU
		{63A3EE7F-E989-4F5B-AF2F-BF2D79E46D37}.AppStore|iPhone.Build.0 = Release|Any CPU
		{63A3EE7F-E989-4F5B-AF2F-BF2D79E46D37}.AppStore|iPhoneSimulator.ActiveCfg = Release|Any CPU
		{63A3EE7F-E989-4F5B-AF2F-BF2D79E46D37}.AppStore|iPhoneSimulator.Build.0 = Release|Any CPU
		{63A3EE7F-E989-4F5B-AF2F-BF2D79E46D37}.AppStore|x64.ActiveCfg = Release|Any CPU
		{63A3EE7F-E989-4F5B-AF2F-BF2D79E46D37}.AppStore|x64.Build.0 = Release|Any CPU
		{63A3EE7F-E989-4F5B-AF2F-BF2D79E46D37}.AppStore|x86.ActiveCfg = Release|Any CPU
		{63A3EE7F-E989-4F5B-AF2F-BF2D79E46D37}.AppStore|x86.Build.0 = Release|Any CPU
		{63A3EE7F-E989-4F5B-AF2F-BF2D79E46D37}.Debug|Any CPU.ActiveCfg = Debug|Any CPU
		{63A3EE7F-E989-4F5B-AF2F-BF2D79E46D37}.Debug|Any CPU.Build.0 = Debug|Any CPU
		{63A3EE7F-E989-4F5B-AF2F-BF2D79E46D37}.Debug|ARM.ActiveCfg = Debug|Any CPU
		{63A3EE7F-E989-4F5B-AF2F-BF2D79E46D37}.Debug|ARM.Build.0 = Debug|Any CPU
		{63A3EE7F-E989-4F5B-AF2F-BF2D79E46D37}.Debug|iPhone.ActiveCfg = Debug|Any CPU
		{63A3EE7F-E989-4F5B-AF2F-BF2D79E46D37}.Debug|iPhone.Build.0 = Debug|Any CPU
		{63A3EE7F-E989-4F5B-AF2F-BF2D79E46D37}.Debug|iPhoneSimulator.ActiveCfg = Debug|Any CPU
		{63A3EE7F-E989-4F5B-AF2F-BF2D79E46D37}.Debug|iPhoneSimulator.Build.0 = Debug|Any CPU
		{63A3EE7F-E989-4F5B-AF2F-BF2D79E46D37}.Debug|x64.ActiveCfg = Debug|Any CPU
		{63A3EE7F-E989-4F5B-AF2F-BF2D79E46D37}.Debug|x64.Build.0 = Debug|Any CPU
		{63A3EE7F-E989-4F5B-AF2F-BF2D79E46D37}.Debug|x86.ActiveCfg = Debug|Any CPU
		{63A3EE7F-E989-4F5B-AF2F-BF2D79E46D37}.Debug|x86.Build.0 = Debug|Any CPU
		{63A3EE7F-E989-4F5B-AF2F-BF2D79E46D37}.Release|Any CPU.ActiveCfg = Release|Any CPU
		{63A3EE7F-E989-4F5B-AF2F-BF2D79E46D37}.Release|Any CPU.Build.0 = Release|Any CPU
		{63A3EE7F-E989-4F5B-AF2F-BF2D79E46D37}.Release|ARM.ActiveCfg = Release|Any CPU
		{63A3EE7F-E989-4F5B-AF2F-BF2D79E46D37}.Release|ARM.Build.0 = Release|Any CPU
		{63A3EE7F-E989-4F5B-AF2F-BF2D79E46D37}.Release|iPhone.ActiveCfg = Release|Any CPU
		{63A3EE7F-E989-4F5B-AF2F-BF2D79E46D37}.Release|iPhone.Build.0 = Release|Any CPU
		{63A3EE7F-E989-4F5B-AF2F-BF2D79E46D37}.Release|iPhoneSimulator.ActiveCfg = Release|Any CPU
		{63A3EE7F-E989-4F5B-AF2F-BF2D79E46D37}.Release|iPhoneSimulator.Build.0 = Release|Any CPU
		{63A3EE7F-E989-4F5B-AF2F-BF2D79E46D37}.Release|x64.ActiveCfg = Release|Any CPU
		{63A3EE7F-E989-4F5B-AF2F-BF2D79E46D37}.Release|x64.Build.0 = Release|Any CPU
		{63A3EE7F-E989-4F5B-AF2F-BF2D79E46D37}.Release|x86.ActiveCfg = Release|Any CPU
		{63A3EE7F-E989-4F5B-AF2F-BF2D79E46D37}.Release|x86.Build.0 = Release|Any CPU
		{B721B463-6A25-4CE1-8B11-17A68F9D11CF}.Ad-Hoc|Any CPU.ActiveCfg = Release|Any CPU
		{B721B463-6A25-4CE1-8B11-17A68F9D11CF}.Ad-Hoc|Any CPU.Build.0 = Release|Any CPU
		{B721B463-6A25-4CE1-8B11-17A68F9D11CF}.Ad-Hoc|ARM.ActiveCfg = Release|Any CPU
		{B721B463-6A25-4CE1-8B11-17A68F9D11CF}.Ad-Hoc|ARM.Build.0 = Release|Any CPU
		{B721B463-6A25-4CE1-8B11-17A68F9D11CF}.Ad-Hoc|iPhone.ActiveCfg = Release|Any CPU
		{B721B463-6A25-4CE1-8B11-17A68F9D11CF}.Ad-Hoc|iPhone.Build.0 = Release|Any CPU
		{B721B463-6A25-4CE1-8B11-17A68F9D11CF}.Ad-Hoc|iPhoneSimulator.ActiveCfg = Release|Any CPU
		{B721B463-6A25-4CE1-8B11-17A68F9D11CF}.Ad-Hoc|iPhoneSimulator.Build.0 = Release|Any CPU
		{B721B463-6A25-4CE1-8B11-17A68F9D11CF}.Ad-Hoc|x64.ActiveCfg = Release|Any CPU
		{B721B463-6A25-4CE1-8B11-17A68F9D11CF}.Ad-Hoc|x64.Build.0 = Release|Any CPU
		{B721B463-6A25-4CE1-8B11-17A68F9D11CF}.Ad-Hoc|x86.ActiveCfg = Release|Any CPU
		{B721B463-6A25-4CE1-8B11-17A68F9D11CF}.Ad-Hoc|x86.Build.0 = Release|Any CPU
		{B721B463-6A25-4CE1-8B11-17A68F9D11CF}.AppStore|Any CPU.ActiveCfg = Release|Any CPU
		{B721B463-6A25-4CE1-8B11-17A68F9D11CF}.AppStore|Any CPU.Build.0 = Release|Any CPU
		{B721B463-6A25-4CE1-8B11-17A68F9D11CF}.AppStore|ARM.ActiveCfg = Release|Any CPU
		{B721B463-6A25-4CE1-8B11-17A68F9D11CF}.AppStore|ARM.Build.0 = Release|Any CPU
		{B721B463-6A25-4CE1-8B11-17A68F9D11CF}.AppStore|iPhone.ActiveCfg = Release|Any CPU
		{B721B463-6A25-4CE1-8B11-17A68F9D11CF}.AppStore|iPhone.Build.0 = Release|Any CPU
		{B721B463-6A25-4CE1-8B11-17A68F9D11CF}.AppStore|iPhoneSimulator.ActiveCfg = Release|Any CPU
		{B721B463-6A25-4CE1-8B11-17A68F9D11CF}.AppStore|iPhoneSimulator.Build.0 = Release|Any CPU
		{B721B463-6A25-4CE1-8B11-17A68F9D11CF}.AppStore|x64.ActiveCfg = Release|Any CPU
		{B721B463-6A25-4CE1-8B11-17A68F9D11CF}.AppStore|x64.Build.0 = Release|Any CPU
		{B721B463-6A25-4CE1-8B11-17A68F9D11CF}.AppStore|x86.ActiveCfg = Release|Any CPU
		{B721B463-6A25-4CE1-8B11-17A68F9D11CF}.AppStore|x86.Build.0 = Release|Any CPU
		{B721B463-6A25-4CE1-8B11-17A68F9D11CF}.Debug|Any CPU.ActiveCfg = Debug|Any CPU
		{B721B463-6A25-4CE1-8B11-17A68F9D11CF}.Debug|Any CPU.Build.0 = Debug|Any CPU
		{B721B463-6A25-4CE1-8B11-17A68F9D11CF}.Debug|ARM.ActiveCfg = Debug|Any CPU
		{B721B463-6A25-4CE1-8B11-17A68F9D11CF}.Debug|ARM.Build.0 = Debug|Any CPU
		{B721B463-6A25-4CE1-8B11-17A68F9D11CF}.Debug|iPhone.ActiveCfg = Debug|Any CPU
		{B721B463-6A25-4CE1-8B11-17A68F9D11CF}.Debug|iPhone.Build.0 = Debug|Any CPU
		{B721B463-6A25-4CE1-8B11-17A68F9D11CF}.Debug|iPhoneSimulator.ActiveCfg = Debug|Any CPU
		{B721B463-6A25-4CE1-8B11-17A68F9D11CF}.Debug|iPhoneSimulator.Build.0 = Debug|Any CPU
		{B721B463-6A25-4CE1-8B11-17A68F9D11CF}.Debug|x64.ActiveCfg = Debug|Any CPU
		{B721B463-6A25-4CE1-8B11-17A68F9D11CF}.Debug|x64.Build.0 = Debug|Any CPU
		{B721B463-6A25-4CE1-8B11-17A68F9D11CF}.Debug|x86.ActiveCfg = Debug|Any CPU
		{B721B463-6A25-4CE1-8B11-17A68F9D11CF}.Debug|x86.Build.0 = Debug|Any CPU
		{B721B463-6A25-4CE1-8B11-17A68F9D11CF}.Release|Any CPU.ActiveCfg = Release|Any CPU
		{B721B463-6A25-4CE1-8B11-17A68F9D11CF}.Release|Any CPU.Build.0 = Release|Any CPU
		{B721B463-6A25-4CE1-8B11-17A68F9D11CF}.Release|ARM.ActiveCfg = Release|Any CPU
		{B721B463-6A25-4CE1-8B11-17A68F9D11CF}.Release|ARM.Build.0 = Release|Any CPU
		{B721B463-6A25-4CE1-8B11-17A68F9D11CF}.Release|iPhone.ActiveCfg = Release|Any CPU
		{B721B463-6A25-4CE1-8B11-17A68F9D11CF}.Release|iPhone.Build.0 = Release|Any CPU
		{B721B463-6A25-4CE1-8B11-17A68F9D11CF}.Release|iPhoneSimulator.ActiveCfg = Release|Any CPU
		{B721B463-6A25-4CE1-8B11-17A68F9D11CF}.Release|iPhoneSimulator.Build.0 = Release|Any CPU
		{B721B463-6A25-4CE1-8B11-17A68F9D11CF}.Release|x64.ActiveCfg = Release|Any CPU
		{B721B463-6A25-4CE1-8B11-17A68F9D11CF}.Release|x64.Build.0 = Release|Any CPU
		{B721B463-6A25-4CE1-8B11-17A68F9D11CF}.Release|x86.ActiveCfg = Release|Any CPU
		{B721B463-6A25-4CE1-8B11-17A68F9D11CF}.Release|x86.Build.0 = Release|Any CPU
		{2F3B7141-8732-48AF-9290-620178EA3A47}.Ad-Hoc|Any CPU.ActiveCfg = Release|Any CPU
		{2F3B7141-8732-48AF-9290-620178EA3A47}.Ad-Hoc|Any CPU.Build.0 = Release|Any CPU
		{2F3B7141-8732-48AF-9290-620178EA3A47}.Ad-Hoc|ARM.ActiveCfg = Release|Any CPU
		{2F3B7141-8732-48AF-9290-620178EA3A47}.Ad-Hoc|ARM.Build.0 = Release|Any CPU
		{2F3B7141-8732-48AF-9290-620178EA3A47}.Ad-Hoc|iPhone.ActiveCfg = Release|Any CPU
		{2F3B7141-8732-48AF-9290-620178EA3A47}.Ad-Hoc|iPhone.Build.0 = Release|Any CPU
		{2F3B7141-8732-48AF-9290-620178EA3A47}.Ad-Hoc|iPhoneSimulator.ActiveCfg = Release|Any CPU
		{2F3B7141-8732-48AF-9290-620178EA3A47}.Ad-Hoc|iPhoneSimulator.Build.0 = Release|Any CPU
		{2F3B7141-8732-48AF-9290-620178EA3A47}.Ad-Hoc|x64.ActiveCfg = Release|Any CPU
		{2F3B7141-8732-48AF-9290-620178EA3A47}.Ad-Hoc|x64.Build.0 = Release|Any CPU
		{2F3B7141-8732-48AF-9290-620178EA3A47}.Ad-Hoc|x86.ActiveCfg = Release|Any CPU
		{2F3B7141-8732-48AF-9290-620178EA3A47}.Ad-Hoc|x86.Build.0 = Release|Any CPU
		{2F3B7141-8732-48AF-9290-620178EA3A47}.AppStore|Any CPU.ActiveCfg = Release|Any CPU
		{2F3B7141-8732-48AF-9290-620178EA3A47}.AppStore|Any CPU.Build.0 = Release|Any CPU
		{2F3B7141-8732-48AF-9290-620178EA3A47}.AppStore|ARM.ActiveCfg = Release|Any CPU
		{2F3B7141-8732-48AF-9290-620178EA3A47}.AppStore|ARM.Build.0 = Release|Any CPU
		{2F3B7141-8732-48AF-9290-620178EA3A47}.AppStore|iPhone.ActiveCfg = Release|Any CPU
		{2F3B7141-8732-48AF-9290-620178EA3A47}.AppStore|iPhone.Build.0 = Release|Any CPU
		{2F3B7141-8732-48AF-9290-620178EA3A47}.AppStore|iPhoneSimulator.ActiveCfg = Release|Any CPU
		{2F3B7141-8732-48AF-9290-620178EA3A47}.AppStore|iPhoneSimulator.Build.0 = Release|Any CPU
		{2F3B7141-8732-48AF-9290-620178EA3A47}.AppStore|x64.ActiveCfg = Release|Any CPU
		{2F3B7141-8732-48AF-9290-620178EA3A47}.AppStore|x64.Build.0 = Release|Any CPU
		{2F3B7141-8732-48AF-9290-620178EA3A47}.AppStore|x86.ActiveCfg = Release|Any CPU
		{2F3B7141-8732-48AF-9290-620178EA3A47}.AppStore|x86.Build.0 = Release|Any CPU
		{2F3B7141-8732-48AF-9290-620178EA3A47}.Debug|Any CPU.ActiveCfg = Debug|Any CPU
		{2F3B7141-8732-48AF-9290-620178EA3A47}.Debug|Any CPU.Build.0 = Debug|Any CPU
		{2F3B7141-8732-48AF-9290-620178EA3A47}.Debug|ARM.ActiveCfg = Debug|Any CPU
		{2F3B7141-8732-48AF-9290-620178EA3A47}.Debug|ARM.Build.0 = Debug|Any CPU
		{2F3B7141-8732-48AF-9290-620178EA3A47}.Debug|iPhone.ActiveCfg = Debug|Any CPU
		{2F3B7141-8732-48AF-9290-620178EA3A47}.Debug|iPhone.Build.0 = Debug|Any CPU
		{2F3B7141-8732-48AF-9290-620178EA3A47}.Debug|iPhoneSimulator.ActiveCfg = Debug|Any CPU
		{2F3B7141-8732-48AF-9290-620178EA3A47}.Debug|iPhoneSimulator.Build.0 = Debug|Any CPU
		{2F3B7141-8732-48AF-9290-620178EA3A47}.Debug|x64.ActiveCfg = Debug|Any CPU
		{2F3B7141-8732-48AF-9290-620178EA3A47}.Debug|x64.Build.0 = Debug|Any CPU
		{2F3B7141-8732-48AF-9290-620178EA3A47}.Debug|x86.ActiveCfg = Debug|Any CPU
		{2F3B7141-8732-48AF-9290-620178EA3A47}.Debug|x86.Build.0 = Debug|Any CPU
		{2F3B7141-8732-48AF-9290-620178EA3A47}.Release|Any CPU.ActiveCfg = Release|Any CPU
		{2F3B7141-8732-48AF-9290-620178EA3A47}.Release|Any CPU.Build.0 = Release|Any CPU
		{2F3B7141-8732-48AF-9290-620178EA3A47}.Release|ARM.ActiveCfg = Release|Any CPU
		{2F3B7141-8732-48AF-9290-620178EA3A47}.Release|ARM.Build.0 = Release|Any CPU
		{2F3B7141-8732-48AF-9290-620178EA3A47}.Release|iPhone.ActiveCfg = Release|Any CPU
		{2F3B7141-8732-48AF-9290-620178EA3A47}.Release|iPhone.Build.0 = Release|Any CPU
		{2F3B7141-8732-48AF-9290-620178EA3A47}.Release|iPhoneSimulator.ActiveCfg = Release|Any CPU
		{2F3B7141-8732-48AF-9290-620178EA3A47}.Release|iPhoneSimulator.Build.0 = Release|Any CPU
		{2F3B7141-8732-48AF-9290-620178EA3A47}.Release|x64.ActiveCfg = Release|Any CPU
		{2F3B7141-8732-48AF-9290-620178EA3A47}.Release|x64.Build.0 = Release|Any CPU
		{2F3B7141-8732-48AF-9290-620178EA3A47}.Release|x86.ActiveCfg = Release|Any CPU
		{2F3B7141-8732-48AF-9290-620178EA3A47}.Release|x86.Build.0 = Release|Any CPU
	EndGlobalSection
	GlobalSection(SolutionProperties) = preSolution
		HideSolutionNode = FALSE
	EndGlobalSection
	GlobalSection(NestedProjects) = preSolution
		{74043E51-EF7B-4CE1-AF3F-7612ED1D05B6} = {4104FDB1-C2E2-4AF7-AEED-2B8904EC007F}
		{48D8DCC6-6342-4A62-AB87-B26CBFB3FEB1} = {4104FDB1-C2E2-4AF7-AEED-2B8904EC007F}
		{88A375C3-8567-47B7-A040-CF48B7049986} = {4104FDB1-C2E2-4AF7-AEED-2B8904EC007F}
		{EB466A08-7DEE-401D-96A0-BC1E35308500} = {D6084CE7-E92F-42D2-A5CA-CEFD2AD7DA81}
		{63A3EE7F-E989-4F5B-AF2F-BF2D79E46D37} = {D6084CE7-E92F-42D2-A5CA-CEFD2AD7DA81}
		{B721B463-6A25-4CE1-8B11-17A68F9D11CF} = {4104FDB1-C2E2-4AF7-AEED-2B8904EC007F}
		{2F3B7141-8732-48AF-9290-620178EA3A47} = {4104FDB1-C2E2-4AF7-AEED-2B8904EC007F}
	EndGlobalSection
EndGlobal
